
Microsoft Visual Studio Solution File, Format Version 12.00
# Visual Studio Version 16
VisualStudioVersion = 16.0.29613.14
MinimumVisualStudioVersion = 10.0.40219.1
Project("{FAE04EC0-301F-11D3-BF4B-00C04F79EFBC}") = "Library2.0", "Library2.0.csproj", "{AE7A2460-A4A7-48E7-B2FC-1394B5423752}"
EndProject
Global
	GlobalSection(SolutionConfigurationPlatforms) = preSolution
		Debug|Any CPU = Debug|Any CPU
		Release|Any CPU = Release|Any CPU
	EndGlobalSection
	GlobalSection(ProjectConfigurationPlatforms) = postSolution
		{AE7A2460-A4A7-48E7-B2FC-1394B5423752}.Debug|Any CPU.ActiveCfg = Debug|Any CPU
		{AE7A2460-A4A7-48E7-B2FC-1394B5423752}.Debug|Any CPU.Build.0 = Debug|Any CPU
		{AE7A2460-A4A7-48E7-B2FC-1394B5423752}.Release|Any CPU.ActiveCfg = Release|Any CPU
		{AE7A2460-A4A7-48E7-B2FC-1394B5423752}.Release|Any CPU.Build.0 = Release|Any CPU
	EndGlobalSection
	GlobalSection(SolutionProperties) = preSolution
		HideSolutionNode = FALSE
	EndGlobalSection
	GlobalSection(ExtensibilityGlobals) = postSolution
		SolutionGuid = {EE5AE5D2-56EF-4CC7-94B6-A371F8029109}
	EndGlobalSection
EndGlobal
